
Microsoft Visual Studio Solution File, Format Version 12.00
# Visual Studio Version 17
VisualStudioVersion = 17.6.33801.468
MinimumVisualStudioVersion = 10.0.40219.1
Project("{FAE04EC0-301F-11D3-BF4B-00C04F79EFBC}") = "LionsBatch", "LionsBatch\LionsBatch.csproj", "{8C3A1077-A3AA-4644-9179-0843B15413F7}"
EndProject
Project("{FAE04EC0-301F-11D3-BF4B-00C04F79EFBC}") = "SampleProject", "SampleProject\SampleProject.csproj", "{B7A6FAAC-ECE9-442B-8EC1-643C2DD1E7E4}"
EndProject
Project("{FAE04EC0-301F-11D3-BF4B-00C04F79EFBC}") = "DatabaseFirstApproach", "DatabaseFirstApproach\DatabaseFirstApproach.csproj", "{07C51DC6-9D1A-42E8-B0CE-D47CD689FFAB}"
EndProject
Project("{FAE04EC0-301F-11D3-BF4B-00C04F79EFBC}") = "CodeFirstApproach", "CodeFirstApproach\CodeFirstApproach.csproj", "{0B40401E-7678-484E-990D-484EF3E29114}"
EndProject
Project("{FAE04EC0-301F-11D3-BF4B-00C04F79EFBC}") = "DapperExample", "DapperExample\DapperExample.csproj", "{99E39501-8B7F-4682-943B-D117EBC3C7C7}"
EndProject
Project("{FAE04EC0-301F-11D3-BF4B-00C04F79EFBC}") = "WebApi", "WebApi\WebApi.csproj", "{18946F39-6C1F-4672-955D-78B68B02157E}"
EndProject
Global
	GlobalSection(SolutionConfigurationPlatforms) = preSolution
		Debug|Any CPU = Debug|Any CPU
		Release|Any CPU = Release|Any CPU
	EndGlobalSection
	GlobalSection(ProjectConfigurationPlatforms) = postSolution
		{8C3A1077-A3AA-4644-9179-0843B15413F7}.Debug|Any CPU.ActiveCfg = Debug|Any CPU
		{8C3A1077-A3AA-4644-9179-0843B15413F7}.Debug|Any CPU.Build.0 = Debug|Any CPU
		{8C3A1077-A3AA-4644-9179-0843B15413F7}.Release|Any CPU.ActiveCfg = Release|Any CPU
		{8C3A1077-A3AA-4644-9179-0843B15413F7}.Release|Any CPU.Build.0 = Release|Any CPU
		{B7A6FAAC-ECE9-442B-8EC1-643C2DD1E7E4}.Debug|Any CPU.ActiveCfg = Debug|Any CPU
		{B7A6FAAC-ECE9-442B-8EC1-643C2DD1E7E4}.Debug|Any CPU.Build.0 = Debug|Any CPU
		{B7A6FAAC-ECE9-442B-8EC1-643C2DD1E7E4}.Release|Any CPU.ActiveCfg = Release|Any CPU
		{B7A6FAAC-ECE9-442B-8EC1-643C2DD1E7E4}.Release|Any CPU.Build.0 = Release|Any CPU
		{07C51DC6-9D1A-42E8-B0CE-D47CD689FFAB}.Debug|Any CPU.ActiveCfg = Debug|Any CPU
		{07C51DC6-9D1A-42E8-B0CE-D47CD689FFAB}.Debug|Any CPU.Build.0 = Debug|Any CPU
		{07C51DC6-9D1A-42E8-B0CE-D47CD689FFAB}.Release|Any CPU.ActiveCfg = Release|Any CPU
		{07C51DC6-9D1A-42E8-B0CE-D47CD689FFAB}.Release|Any CPU.Build.0 = Release|Any CPU
		{0B40401E-7678-484E-990D-484EF3E29114}.Debug|Any CPU.ActiveCfg = Debug|Any CPU
		{0B40401E-7678-484E-990D-484EF3E29114}.Debug|Any CPU.Build.0 = Debug|Any CPU
		{0B40401E-7678-484E-990D-484EF3E29114}.Release|Any CPU.ActiveCfg = Release|Any CPU
		{0B40401E-7678-484E-990D-484EF3E29114}.Release|Any CPU.Build.0 = Release|Any CPU
		{99E39501-8B7F-4682-943B-D117EBC3C7C7}.Debug|Any CPU.ActiveCfg = Debug|Any CPU
		{99E39501-8B7F-4682-943B-D117EBC3C7C7}.Debug|Any CPU.Build.0 = Debug|Any CPU
		{99E39501-8B7F-4682-943B-D117EBC3C7C7}.Release|Any CPU.ActiveCfg = Release|Any CPU
		{99E39501-8B7F-4682-943B-D117EBC3C7C7}.Release|Any CPU.Build.0 = Release|Any CPU
		{18946F39-6C1F-4672-955D-78B68B02157E}.Debug|Any CPU.ActiveCfg = Debug|Any CPU
		{18946F39-6C1F-4672-955D-78B68B02157E}.Debug|Any CPU.Build.0 = Debug|Any CPU
		{18946F39-6C1F-4672-955D-78B68B02157E}.Release|Any CPU.ActiveCfg = Release|Any CPU
		{18946F39-6C1F-4672-955D-78B68B02157E}.Release|Any CPU.Build.0 = Release|Any CPU
	EndGlobalSection
	GlobalSection(SolutionProperties) = preSolution
		HideSolutionNode = FALSE
	EndGlobalSection
	GlobalSection(ExtensibilityGlobals) = postSolution
		SolutionGuid = {66981890-BA0E-46AF-827A-CDC652CFC55A}
	EndGlobalSection
EndGlobal
